Microsoft Visual Studio Solution File, Format Version 12.00
# Visual Studio 2012
Project("{FAE04EC0-301F-11D3-BF4B-00C04F79EFBC}") = "Teste 1", "Teste 1.csproj", "{3CBFD2FD-2153-4C67-B334-B68BC7C6968C}"
EndProject
Global
	GlobalSection(SolutionConfigurationPlatforms) = preSolution
	Debug|Any CPU = Debug|Any CPU
	ExportDebug|Any CPU = ExportDebug|Any CPU
	ExportRelease|Any CPU = ExportRelease|Any CPU
	EndGlobalSection
	GlobalSection(ProjectConfigurationPlatforms) = postSolution
		{3CBFD2FD-2153-4C67-B334-B68BC7C6968C}.Debug|Any CPU.ActiveCfg = Debug|Any CPU
		{3CBFD2FD-2153-4C67-B334-B68BC7C6968C}.Debug|Any CPU.Build.0 = Debug|Any CPU
		{3CBFD2FD-2153-4C67-B334-B68BC7C6968C}.ExportDebug|Any CPU.ActiveCfg = ExportDebug|Any CPU
		{3CBFD2FD-2153-4C67-B334-B68BC7C6968C}.ExportDebug|Any CPU.Build.0 = ExportDebug|Any CPU
		{3CBFD2FD-2153-4C67-B334-B68BC7C6968C}.ExportRelease|Any CPU.ActiveCfg = ExportRelease|Any CPU
		{3CBFD2FD-2153-4C67-B334-B68BC7C6968C}.ExportRelease|Any CPU.Build.0 = ExportRelease|Any CPU
	EndGlobalSection
EndGlobal
